
Microsoft Visual Studio Solution File, Format Version 12.00
# Visual Studio Version 17
VisualStudioVersion = 17.7.34202.233
MinimumVisualStudioVersion = 10.0.40219.1
Project("{FAE04EC0-301F-11D3-BF4B-00C04F79EFBC}") = "VlcObsService", "VlcObsService\VlcObsService.csproj", "{2C42CD83-F818-4DC7-82AA-B10A0371CEEC}"
EndProject
Global
	GlobalSection(SolutionConfigurationPlatforms) = preSolution
		Debug|Any CPU = Debug|Any CPU
		Release|Any CPU = Release|Any CPU
	EndGlobalSection
	GlobalSection(ProjectConfigurationPlatforms) = postSolution
		{2C42CD83-F818-4DC7-82AA-B10A0371CEEC}.Debug|Any CPU.ActiveCfg = Debug|Any CPU
		{2C42CD83-F818-4DC7-82AA-B10A0371CEEC}.Debug|Any CPU.Build.0 = Debug|Any CPU
		{2C42CD83-F818-4DC7-82AA-B10A0371CEEC}.Release|Any CPU.ActiveCfg = Release|Any CPU
		{2C42CD83-F818-4DC7-82AA-B10A0371CEEC}.Release|Any CPU.Build.0 = Release|Any CPU
	EndGlobalSection
	GlobalSection(SolutionProperties) = preSolution
		HideSolutionNode = FALSE
	EndGlobalSection
	GlobalSection(ExtensibilityGlobals) = postSolution
		SolutionGuid = {8905DE17-E333-4CDC-82E3-197DF5E57EC8}
	EndGlobalSection
EndGlobal
